{
  "version": 4,
  "terraform_version": "0.12.30",
  "serial": 24,
  "lineage": "bd7191d5-2e71-d274-c646-46e88dfaea9c",
  "outputs": {
    "command_to_retrieve_the_initial_admin_password": {
      "value": "ssh ubuntu@ec2-3-101-69-47.us-west-1.compute.amazonaws.com 'cat /var/lib/jenkins/secrets/initialAdminPassword'",
      "type": "string"
    },
    "instance": {
      "value": {
        "ami": "ami-0d382e80be7ffdae5",
        "arn": "arn:aws:ec2:us-west-1:953721827634:instance/i-0a952d1ac87b4779f",
        "associate_public_ip_address": true,
        "availability_zone": "us-west-1b",
        "cpu_core_count": 4,
        "cpu_threads_per_core": 1,
        "credit_specification": [
          {
            "cpu_credits": "standard"
          }
        ],
        "disable_api_termination": false,
        "ebs_block_device": [],
        "ebs_optimized": false,
        "ephemeral_block_device": [],
        "get_password_data": false,
        "hibernation": false,
        "host_id": null,
        "iam_instance_profile": "",
        "id": "i-0a952d1ac87b4779f",
        "instance_initiated_shutdown_behavior": null,
        "instance_state": "running",
        "instance_type": "t2.xlarge",
        "ipv6_address_count": 0,
        "ipv6_addresses": [],
        "key_name": "automation-demo-key",
        "metadata_options": [
          {
            "http_endpoint": "enabled",
            "http_put_response_hop_limit": 1,
            "http_tokens": "optional"
          }
        ],
        "monitoring": false,
        "network_interface": [],
        "network_interface_id": null,
        "outpost_arn": "",
        "password_data": "",
        "placement_group": "",
        "primary_network_interface_id": "eni-044b3e389a8c1aa32",
        "private_dns": "ip-172-31-29-133.us-west-1.compute.internal",
        "private_ip": "172.31.29.133",
        "public_dns": "ec2-3-101-69-47.us-west-1.compute.amazonaws.com",
        "public_ip": "3.101.69.47",
        "root_block_device": [
          {
            "delete_on_termination": true,
            "device_name": "/dev/sda1",
            "encrypted": false,
            "iops": 100,
            "kms_key_id": "",
            "volume_id": "vol-0ed1facb9e16ec527",
            "volume_size": 8,
            "volume_type": "gp2"
          }
        ],
        "security_groups": [
          "test-jenkins-test-sg"
        ],
        "source_dest_check": true,
        "subnet_id": "subnet-f56e2d92",
        "tags": {
          "Name": "test-jenkins-test"
        },
        "tenancy": "default",
        "timeouts": null,
        "user_data": "b2e3f6ec33f8258a3679e8ba90d9ce6070cd3fb5",
        "user_data_base64": null,
        "volume_tags": {},
        "vpc_security_group_ids": [
          "sg-00fc1ba0564ee1eb5"
        ]
      },
      "type": [
        "object",
        {
          "ami": "string",
          "arn": "string",
          "associate_public_ip_address": "bool",
          "availability_zone": "string",
          "cpu_core_count": "number",
          "cpu_threads_per_core": "number",
          "credit_specification": [
            "list",
            [
              "object",
              {
                "cpu_credits": "string"
              }
            ]
          ],
          "disable_api_termination": "bool",
          "ebs_block_device": [
            "set",
            [
              "object",
              {
                "delete_on_termination": "bool",
                "device_name": "string",
                "encrypted": "bool",
                "iops": "number",
                "kms_key_id": "string",
                "snapshot_id": "string",
                "volume_id": "string",
                "volume_size": "number",
                "volume_type": "string"
              }
            ]
          ],
          "ebs_optimized": "bool",
          "ephemeral_block_device": [
            "set",
            [
              "object",
              {
                "device_name": "string",
                "no_device": "bool",
                "virtual_name": "string"
              }
            ]
          ],
          "get_password_data": "bool",
          "hibernation": "bool",
          "host_id": "string",
          "iam_instance_profile": "string",
          "id": "string",
          "instance_initiated_shutdown_behavior": "string",
          "instance_state": "string",
          "instance_type": "string",
          "ipv6_address_count": "number",
          "ipv6_addresses": [
            "list",
            "string"
          ],
          "key_name": "string",
          "metadata_options": [
            "list",
            [
              "object",
              {
                "http_endpoint": "string",
                "http_put_response_hop_limit": "number",
                "http_tokens": "string"
              }
            ]
          ],
          "monitoring": "bool",
          "network_interface": [
            "set",
            [
              "object",
              {
                "delete_on_termination": "bool",
                "device_index": "number",
                "network_interface_id": "string"
              }
            ]
          ],
          "network_interface_id": "string",
          "outpost_arn": "string",
          "password_data": "string",
          "placement_group": "string",
          "primary_network_interface_id": "string",
          "private_dns": "string",
          "private_ip": "string",
          "public_dns": "string",
          "public_ip": "string",
          "root_block_device": [
            "list",
            [
              "object",
              {
                "delete_on_termination": "bool",
                "device_name": "string",
                "encrypted": "bool",
                "iops": "number",
                "kms_key_id": "string",
                "volume_id": "string",
                "volume_size": "number",
                "volume_type": "string"
              }
            ]
          ],
          "security_groups": [
            "set",
            "string"
          ],
          "source_dest_check": "bool",
          "subnet_id": "string",
          "tags": [
            "map",
            "string"
          ],
          "tenancy": "string",
          "timeouts": [
            "object",
            {
              "create": "string",
              "delete": "string",
              "update": "string"
            }
          ],
          "user_data": "string",
          "user_data_base64": "string",
          "volume_tags": [
            "map",
            "string"
          ],
          "vpc_security_group_ids": [
            "set",
            "string"
          ]
        }
      ]
    },
    "public_dns": {
      "value": "ec2-3-101-69-47.us-west-1.compute.amazonaws.com",
      "type": "string"
    }
  },
  "resources": [
    {
      "mode": "data",
      "type": "template_file",
      "name": "jenkins_user_data",
      "provider": "provider.template",
      "instances": [
        {
          "schema_version": 0,
          "attributes": {
            "filename": null,
            "id": "91c448dee81d0d5eb92cb04b7dc06e0b647a532d8b4c2e47e60ba77b1342074f",
            "rendered": "#! /usr/bin/bash\n\napt -y update\napt -y install net-tools\napt -y install default-jre\nwget -q -O - https://pkg.jenkins.io/debian-stable/jenkins.io.key | sudo apt-key add -\nsh -c 'echo deb http://pkg.jenkins.io/debian-stable binary/ \u003e /etc/apt/sources.list.d/jenkins.list'\napt -y install jenkins\napt -y install nginx\n\n# remove the site link to 'default'\nrm /etc/nginx/sites-enabled/default\n\n# create a new site entry for jenkins\ncat \u003c\u003cEOF\u003e\u003e/etc/nginx/sites-available/jenkins\nserver {\n    listen 80;\n    server_name $(curl http://169.254.169.254/latest/meta-data/public-hostname);\n\n    location / {\n        proxy_set_header   X-Forwarded-For $remote_addr;\n        proxy_set_header   Host $http_host;\n        proxy_pass         \"http://127.0.0.1:8080\";\n    }\n}\nEOF\n\n# create a new site link to 'jenkins'\nln -s /etc/nginx/sites-available/jenkins /etc/nginx/sites-enabled/jenkins\n\nsystemctl restart nginx\nsystemctl start jenkins",
            "template": "#! /usr/bin/bash\n\napt -y update\napt -y install net-tools\napt -y install default-jre\nwget -q -O - https://pkg.jenkins.io/debian-stable/jenkins.io.key | sudo apt-key add -\nsh -c 'echo deb http://pkg.jenkins.io/debian-stable binary/ \u003e /etc/apt/sources.list.d/jenkins.list'\napt -y install jenkins\napt -y install nginx\n\n# remove the site link to 'default'\nrm /etc/nginx/sites-enabled/default\n\n# create a new site entry for jenkins\ncat \u003c\u003cEOF\u003e\u003e/etc/nginx/sites-available/jenkins\nserver {\n    listen 80;\n    server_name $(curl http://169.254.169.254/latest/meta-data/public-hostname);\n\n    location / {\n        proxy_set_header   X-Forwarded-For $remote_addr;\n        proxy_set_header   Host $http_host;\n        proxy_pass         \"http://127.0.0.1:8080\";\n    }\n}\nEOF\n\n# create a new site link to 'jenkins'\nln -s /etc/nginx/sites-available/jenkins /etc/nginx/sites-enabled/jenkins\n\nsystemctl restart nginx\nsystemctl start jenkins",
            "vars": {
              "region": "us-west-1"
            }
          }
        }
      ]
    },
    {
      "mode": "managed",
      "type": "aws_instance",
      "name": "jenkins",
      "provider": "provider.aws",
      "instances": [
        {
          "schema_version": 1,
          "attributes": {
            "ami": "ami-0d382e80be7ffdae5",
            "arn": "arn:aws:ec2:us-west-1:953721827634:instance/i-0a952d1ac87b4779f",
            "associate_public_ip_address": true,
            "availability_zone": "us-west-1b",
            "cpu_core_count": 4,
            "cpu_threads_per_core": 1,
            "credit_specification": [
              {
                "cpu_credits": "standard"
              }
            ],
            "disable_api_termination": false,
            "ebs_block_device": [],
            "ebs_optimized": false,
            "ephemeral_block_device": [],
            "get_password_data": false,
            "hibernation": false,
            "host_id": null,
            "iam_instance_profile": "",
            "id": "i-0a952d1ac87b4779f",
            "instance_initiated_shutdown_behavior": null,
            "instance_state": "running",
            "instance_type": "t2.xlarge",
            "ipv6_address_count": 0,
            "ipv6_addresses": [],
            "key_name": "automation-demo-key",
            "metadata_options": [
              {
                "http_endpoint": "enabled",
                "http_put_response_hop_limit": 1,
                "http_tokens": "optional"
              }
            ],
            "monitoring": false,
            "network_interface": [],
            "network_interface_id": null,
            "outpost_arn": "",
            "password_data": "",
            "placement_group": "",
            "primary_network_interface_id": "eni-044b3e389a8c1aa32",
            "private_dns": "ip-172-31-29-133.us-west-1.compute.internal",
            "private_ip": "172.31.29.133",
            "public_dns": "ec2-3-101-69-47.us-west-1.compute.amazonaws.com",
            "public_ip": "3.101.69.47",
            "root_block_device": [
              {
                "delete_on_termination": true,
                "device_name": "/dev/sda1",
                "encrypted": false,
                "iops": 100,
                "kms_key_id": "",
                "volume_id": "vol-0ed1facb9e16ec527",
                "volume_size": 8,
                "volume_type": "gp2"
              }
            ],
            "security_groups": [
              "test-jenkins-test-sg"
            ],
            "source_dest_check": true,
            "subnet_id": "subnet-f56e2d92",
            "tags": {
              "Name": "test-jenkins-test"
            },
            "tenancy": "default",
            "timeouts": null,
            "user_data": "b2e3f6ec33f8258a3679e8ba90d9ce6070cd3fb5",
            "user_data_base64": null,
            "volume_tags": {},
            "vpc_security_group_ids": [
              "sg-00fc1ba0564ee1eb5"
            ]
          },
          "private": "eyJlMmJmYjczMC1lY2FhLTExZTYtOGY4OC0zNDM2M2JjN2M0YzAiOnsiY3JlYXRlIjo2MDAwMDAwMDAwMDAsImRlbGV0ZSI6MTIwMDAwMDAwMDAwMCwidXBkYXRlIjo2MDAwMDAwMDAwMDB9LCJzY2hlbWFfdmVyc2lvbiI6IjEifQ==",
          "dependencies": [
            "aws_security_group.jenkins"
          ]
        }
      ]
    },
    {
      "mode": "managed",
      "type": "aws_security_group",
      "name": "jenkins",
      "provider": "provider.aws",
      "instances": [
        {
          "schema_version": 1,
          "attributes": {
            "arn": "arn:aws:ec2:us-west-1:953721827634:security-group/sg-00fc1ba0564ee1eb5",
            "description": "Managed by Terraform",
            "egress": [
              {
                "cidr_blocks": [
                  "0.0.0.0/0"
                ],
                "description": "",
                "from_port": 0,
                "ipv6_cidr_blocks": [],
                "prefix_list_ids": [],
                "protocol": "-1",
                "security_groups": [],
                "self": false,
                "to_port": 0
              }
            ],
            "id": "sg-00fc1ba0564ee1eb5",
            "ingress": [
              {
                "cidr_blocks": [
                  "0.0.0.0/0"
                ],
                "description": "HTTP",
                "from_port": 8080,
                "ipv6_cidr_blocks": [],
                "prefix_list_ids": [],
                "protocol": "tcp",
                "security_groups": [],
                "self": false,
                "to_port": 8080
              },
              {
                "cidr_blocks": [
                  "0.0.0.0/0"
                ],
                "description": "HTTP",
                "from_port": 80,
                "ipv6_cidr_blocks": [],
                "prefix_list_ids": [],
                "protocol": "tcp",
                "security_groups": [],
                "self": false,
                "to_port": 80
              },
              {
                "cidr_blocks": [
                  "0.0.0.0/0"
                ],
                "description": "HTTPS",
                "from_port": 443,
                "ipv6_cidr_blocks": [],
                "prefix_list_ids": [],
                "protocol": "tcp",
                "security_groups": [],
                "self": false,
                "to_port": 443
              },
              {
                "cidr_blocks": [
                  "0.0.0.0/0"
                ],
                "description": "HTTPS",
                "from_port": 8443,
                "ipv6_cidr_blocks": [],
                "prefix_list_ids": [],
                "protocol": "tcp",
                "security_groups": [],
                "self": false,
                "to_port": 8443
              },
              {
                "cidr_blocks": [
                  "0.0.0.0/0"
                ],
                "description": "SSH",
                "from_port": 22,
                "ipv6_cidr_blocks": [],
                "prefix_list_ids": [],
                "protocol": "tcp",
                "security_groups": [],
                "self": false,
                "to_port": 22
              }
            ],
            "name": "test-jenkins-test-sg",
            "name_prefix": null,
            "owner_id": "953721827634",
            "revoke_rules_on_delete": false,
            "tags": {
              "Name": "test-jenkins-test-sg"
            },
            "timeouts": null,
            "vpc_id": "vpc-315cef56"
          },
          "private": "eyJlMmJmYjczMC1lY2FhLTExZTYtOGY4OC0zNDM2M2JjN2M0YzAiOnsiY3JlYXRlIjo2MDAwMDAwMDAwMDAsImRlbGV0ZSI6NjAwMDAwMDAwMDAwfSwic2NoZW1hX3ZlcnNpb24iOiIxIn0="
        }
      ]
    }
  ]
}
